
Microsoft Visual Studio Solution File, Format Version 12.00
# Visual Studio 14
VisualStudioVersion = 14.0.25420.1
MinimumVisualStudioVersion = 10.0.40219.1
Project("{8BB2217D-0F2D-49D1-97BC-3654ED321F3B}") = "POSAPP", "POSAPP\POSAPP.xproj", "{AC5F0D9A-D9A4-4868-8B5E-101A26FD12B8}"
	ProjectSection(ProjectDependencies) = postProject
		{58B73950-87DA-4A41-85F3-7FACFDE772DC} = {58B73950-87DA-4A41-85F3-7FACFDE772DC}
	EndProjectSection
EndProject
Project("{FAE04EC0-301F-11D3-BF4B-00C04F79EFBC}") = "POSUnitTest", "POSUnitTest\POSUnitTest.csproj", "{C48561AF-1DB2-4A84-9352-7B9E4CDB8C29}"
EndProject
Project("{8BB2217D-0F2D-49D1-97BC-3654ED321F3B}") = "POSBackend1", "POSBackend1\POSBackend1.xproj", "{58B73950-87DA-4A41-85F3-7FACFDE772DC}"
EndProject
Global
	GlobalSection(SolutionConfigurationPlatforms) = preSolution
		Debug|Any CPU = Debug|Any CPU
		Debug|ARM = Debug|ARM
		Debug|x64 = Debug|x64
		Debug|x86 = Debug|x86
		Release|Any CPU = Release|Any CPU
		Release|ARM = Release|ARM
		Release|x64 = Release|x64
		Release|x86 = Release|x86
	EndGlobalSection
	GlobalSection(ProjectConfigurationPlatforms) = postSolution
		{AC5F0D9A-D9A4-4868-8B5E-101A26FD12B8}.Debug|Any CPU.ActiveCfg = Debug|Any CPU
		{AC5F0D9A-D9A4-4868-8B5E-101A26FD12B8}.Debug|Any CPU.Build.0 = Debug|Any CPU
		{AC5F0D9A-D9A4-4868-8B5E-101A26FD12B8}.Debug|ARM.ActiveCfg = Debug|Any CPU
		{AC5F0D9A-D9A4-4868-8B5E-101A26FD12B8}.Debug|ARM.Build.0 = Debug|Any CPU
		{AC5F0D9A-D9A4-4868-8B5E-101A26FD12B8}.Debug|x64.ActiveCfg = Debug|Any CPU
		{AC5F0D9A-D9A4-4868-8B5E-101A26FD12B8}.Debug|x64.Build.0 = Debug|Any CPU
		{AC5F0D9A-D9A4-4868-8B5E-101A26FD12B8}.Debug|x86.ActiveCfg = Debug|Any CPU
		{AC5F0D9A-D9A4-4868-8B5E-101A26FD12B8}.Debug|x86.Build.0 = Debug|Any CPU
		{AC5F0D9A-D9A4-4868-8B5E-101A26FD12B8}.Release|Any CPU.ActiveCfg = Release|Any CPU
		{AC5F0D9A-D9A4-4868-8B5E-101A26FD12B8}.Release|Any CPU.Build.0 = Release|Any CPU
		{AC5F0D9A-D9A4-4868-8B5E-101A26FD12B8}.Release|ARM.ActiveCfg = Release|Any CPU
		{AC5F0D9A-D9A4-4868-8B5E-101A26FD12B8}.Release|ARM.Build.0 = Release|Any CPU
		{AC5F0D9A-D9A4-4868-8B5E-101A26FD12B8}.Release|x64.ActiveCfg = Release|Any CPU
		{AC5F0D9A-D9A4-4868-8B5E-101A26FD12B8}.Release|x64.Build.0 = Release|Any CPU
		{AC5F0D9A-D9A4-4868-8B5E-101A26FD12B8}.Release|x86.ActiveCfg = Release|Any CPU
		{AC5F0D9A-D9A4-4868-8B5E-101A26FD12B8}.Release|x86.Build.0 = Release|Any CPU
		{C48561AF-1DB2-4A84-9352-7B9E4CDB8C29}.Debug|Any CPU.ActiveCfg = Debug|Any CPU
		{C48561AF-1DB2-4A84-9352-7B9E4CDB8C29}.Debug|Any CPU.Build.0 = Debug|Any CPU
		{C48561AF-1DB2-4A84-9352-7B9E4CDB8C29}.Debug|ARM.ActiveCfg = Debug|Any CPU
		{C48561AF-1DB2-4A84-9352-7B9E4CDB8C29}.Debug|ARM.Build.0 = Debug|Any CPU
		{C48561AF-1DB2-4A84-9352-7B9E4CDB8C29}.Debug|x64.ActiveCfg = Debug|Any CPU
		{C48561AF-1DB2-4A84-9352-7B9E4CDB8C29}.Debug|x64.Build.0 = Debug|Any CPU
		{C48561AF-1DB2-4A84-9352-7B9E4CDB8C29}.Debug|x86.ActiveCfg = Debug|Any CPU
		{C48561AF-1DB2-4A84-9352-7B9E4CDB8C29}.Debug|x86.Build.0 = Debug|Any CPU
		{C48561AF-1DB2-4A84-9352-7B9E4CDB8C29}.Release|Any CPU.ActiveCfg = Release|Any CPU
		{C48561AF-1DB2-4A84-9352-7B9E4CDB8C29}.Release|Any CPU.Build.0 = Release|Any CPU
		{C48561AF-1DB2-4A84-9352-7B9E4CDB8C29}.Release|ARM.ActiveCfg = Release|Any CPU
		{C48561AF-1DB2-4A84-9352-7B9E4CDB8C29}.Release|ARM.Build.0 = Release|Any CPU
		{C48561AF-1DB2-4A84-9352-7B9E4CDB8C29}.Release|x64.ActiveCfg = Release|Any CPU
		{C48561AF-1DB2-4A84-9352-7B9E4CDB8C29}.Release|x64.Build.0 = Release|Any CPU
		{C48561AF-1DB2-4A84-9352-7B9E4CDB8C29}.Release|x86.ActiveCfg = Release|Any CPU
		{C48561AF-1DB2-4A84-9352-7B9E4CDB8C29}.Release|x86.Build.0 = Release|Any CPU
		{58B73950-87DA-4A41-85F3-7FACFDE772DC}.Debug|Any CPU.ActiveCfg = Debug|Any CPU
		{58B73950-87DA-4A41-85F3-7FACFDE772DC}.Debug|Any CPU.Build.0 = Debug|Any CPU
		{58B73950-87DA-4A41-85F3-7FACFDE772DC}.Debug|ARM.ActiveCfg = Debug|Any CPU
		{58B73950-87DA-4A41-85F3-7FACFDE772DC}.Debug|ARM.Build.0 = Debug|Any CPU
		{58B73950-87DA-4A41-85F3-7FACFDE772DC}.Debug|x64.ActiveCfg = Debug|Any CPU
		{58B73950-87DA-4A41-85F3-7FACFDE772DC}.Debug|x64.Build.0 = Debug|Any CPU
		{58B73950-87DA-4A41-85F3-7FACFDE772DC}.Debug|x86.ActiveCfg = Debug|Any CPU
		{58B73950-87DA-4A41-85F3-7FACFDE772DC}.Debug|x86.Build.0 = Debug|Any CPU
		{58B73950-87DA-4A41-85F3-7FACFDE772DC}.Release|Any CPU.ActiveCfg = Release|Any CPU
		{58B73950-87DA-4A41-85F3-7FACFDE772DC}.Release|Any CPU.Build.0 = Release|Any CPU
		{58B73950-87DA-4A41-85F3-7FACFDE772DC}.Release|ARM.ActiveCfg = Release|Any CPU
		{58B73950-87DA-4A41-85F3-7FACFDE772DC}.Release|ARM.Build.0 = Release|Any CPU
		{58B73950-87DA-4A41-85F3-7FACFDE772DC}.Release|x64.ActiveCfg = Release|Any CPU
		{58B73950-87DA-4A41-85F3-7FACFDE772DC}.Release|x64.Build.0 = Release|Any CPU
		{58B73950-87DA-4A41-85F3-7FACFDE772DC}.Release|x86.ActiveCfg = Release|Any CPU
		{58B73950-87DA-4A41-85F3-7FACFDE772DC}.Release|x86.Build.0 = Release|Any CPU
	EndGlobalSection
	GlobalSection(SolutionProperties) = preSolution
		HideSolutionNode = FALSE
	EndGlobalSection
EndGlobal
